
Microsoft Visual Studio Solution File, Format Version 12.00
# Visual Studio Version 17
VisualStudioVersion = 17.5.33627.172
MinimumVisualStudioVersion = 10.0.40219.1
Project("{FAE04EC0-301F-11D3-BF4B-00C04F79EFBC}") = "EFWiki_Web", "EFWiki_Web\EFWiki_Web.csproj", "{F6C31CDA-6DE8-46D3-87DF-28C74DDD1571}"
EndProject
Global
	GlobalSection(SolutionConfigurationPlatforms) = preSolution
		Debug|Any CPU = Debug|Any CPU
		Release|Any CPU = Release|Any CPU
	EndGlobalSection
	GlobalSection(ProjectConfigurationPlatforms) = postSolution
		{F6C31CDA-6DE8-46D3-87DF-28C74DDD1571}.Debug|Any CPU.ActiveCfg = Debug|Any CPU
		{F6C31CDA-6DE8-46D3-87DF-28C74DDD1571}.Debug|Any CPU.Build.0 = Debug|Any CPU
		{F6C31CDA-6DE8-46D3-87DF-28C74DDD1571}.Release|Any CPU.ActiveCfg = Release|Any CPU
		{F6C31CDA-6DE8-46D3-87DF-28C74DDD1571}.Release|Any CPU.Build.0 = Release|Any CPU
	EndGlobalSection
	GlobalSection(SolutionProperties) = preSolution
		HideSolutionNode = FALSE
	EndGlobalSection
	GlobalSection(ExtensibilityGlobals) = postSolution
		SolutionGuid = {D4CC35F3-8E02-49BA-9749-3771E2F9553B}
	EndGlobalSection
EndGlobal
